
Microsoft Visual Studio Solution File, Format Version 12.00
# Visual Studio Version 16
VisualStudioVersion = 16.0.29424.173
MinimumVisualStudioVersion = 10.0.40219.1
Project("{2150E333-8FDC-42A3-9474-1A3956D46DE8}") = "Solution Items", "Solution Items", "{937D9058-D53A-4341-B076-284442EADE2D}"
	ProjectSection(SolutionItems) = preProject
		.gitignore = .gitignore
		appveyor.yml = appveyor.yml
		README.md = README.md
		WE-Markdown.css = WE-Markdown.css
	EndProjectSection
EndProject
Project("{2150E333-8FDC-42A3-9474-1A3956D46DE8}") = "Articles", "Articles", "{8BF2C711-7979-40D0-AE9D-A4F57340C50E}"
	ProjectSection(SolutionItems) = preProject
		Articles\Autofac.md = Articles\Autofac.md
		Articles\EnvironmentsAndParameters.md = Articles\EnvironmentsAndParameters.md
		Articles\Methods.md = Articles\Methods.md
		Articles\Shorthand.md = Articles\Shorthand.md
	EndProjectSection
EndProject
Project("{FAE04EC0-301F-11D3-BF4B-00C04F79EFBC}") = "UnitTest", "UnitTest\UnitTest.csproj", "{D72D7DC6-20FE-431B-8C9C-A3695C627D36}"
EndProject
Project("{2150E333-8FDC-42A3-9474-1A3956D46DE8}") = "Nuget", "Nuget", "{5FE37D04-9941-449E-9376-4C7BCA579F8B}"
	ProjectSection(SolutionItems) = preProject
		Nuget\Cfg.Net.Environment.nuspec = Nuget\Cfg.Net.Environment.nuspec
		Nuget\Cfg.Net.nuspec = Nuget\Cfg.Net.nuspec
		Nuget\Cfg.Net.Reader.nuspec = Nuget\Cfg.Net.Reader.nuspec
		Nuget\Cfg.Net.Shorthand.nuspec = Nuget\Cfg.Net.Shorthand.nuspec
		Nuget\nuget.bat = Nuget\nuget.bat
	EndProjectSection
EndProject
Project("{2150E333-8FDC-42A3-9474-1A3956D46DE8}") = "Main", "Main", "{856D08A7-0AE3-42C1-A811-75B59C0045BE}"
EndProject
Project("{D954291E-2A0B-460D-934E-DC6B0785DB48}") = "Cfg.Net.Shared", "src\Main\Cfg.Net.Shared\Cfg.Net.Shared.shproj", "{20ECB16C-D7E6-41CA-A8ED-3C197057ECCD}"
EndProject
Project("{FAE04EC0-301F-11D3-BF4B-00C04F79EFBC}") = "Cfg.Net", "src\Main\Cfg.Net\Cfg.Net.csproj", "{6CCFD0FD-C0B7-4B2B-AB17-2D8E3567B7E2}"
EndProject
Project("{FAE04EC0-301F-11D3-BF4B-00C04F79EFBC}") = "Cfg.Net.40", "src\Main\Cfg.Net.40\Cfg.Net.40.csproj", "{4E2AE038-16A9-4845-BB1B-51C09DB6F616}"
EndProject
Project("{FAE04EC0-301F-11D3-BF4B-00C04F79EFBC}") = "Cfg.Net.45", "src\Main\Cfg.Net.45\Cfg.Net.45.csproj", "{4CFD5636-2E70-4F75-AF99-AEF8BB725F6F}"
EndProject
Project("{FAE04EC0-301F-11D3-BF4B-00C04F79EFBC}") = "Cfg.Net.452", "src\Main\Cfg.Net.452\Cfg.Net.452.csproj", "{AB7E396C-CB0D-4A23-8D7E-96D58A501FF0}"
EndProject
Project("{FAE04EC0-301F-11D3-BF4B-00C04F79EFBC}") = "Cfg.Net.462", "src\Main\Cfg.Net.462\Cfg.Net.462.csproj", "{B65FC5AE-D51A-408D-B324-AB4729ADE4D7}"
EndProject
Project("{9A19103F-16F7-4668-BE54-9A1E7A4F7556}") = "Cfg.Net.Standard.20", "src\Main\Cfg.Net.Standard.20\Cfg.Net.Standard.20.csproj", "{50BEB203-FEA0-47FD-9BC1-4B2ECCC91377}"
EndProject
Project("{2150E333-8FDC-42A3-9474-1A3956D46DE8}") = "Readers", "Readers", "{C3F93254-98AD-40BD-89C4-AFF840BF2C37}"
EndProject
Project("{2150E333-8FDC-42A3-9474-1A3956D46DE8}") = "Default", "Default", "{059A19FD-88D2-4BF4-B0E2-19192C954EA4}"
EndProject
Project("{FAE04EC0-301F-11D3-BF4B-00C04F79EFBC}") = "Cfg.Net.Reader", "src\Readers\Default\Cfg.Net.Reader\Cfg.Net.Reader.csproj", "{93AFD9A7-5DC8-4392-8632-A553723BD3AC}"
EndProject
Project("{D954291E-2A0B-460D-934E-DC6B0785DB48}") = "Cfg.Net.Reader.Shared", "src\Readers\Default\Cfg.Net.Reader.Shared\Cfg.Net.Reader.Shared.shproj", "{C76FC002-10FD-4A69-AF1A-1C9260EC6807}"
EndProject
Project("{9A19103F-16F7-4668-BE54-9A1E7A4F7556}") = "Cfg.Net.Reader.Standard.20", "src\Readers\Default\Cfg.Net.Reader.Standard.20\Cfg.Net.Reader.Standard.20.csproj", "{44C47FC7-E690-4FCE-839A-95CA28CE51B6}"
EndProject
Project("{2150E333-8FDC-42A3-9474-1A3956D46DE8}") = "Parsers", "Parsers", "{BDE74344-ADEE-424F-AF06-BB37D2D493B5}"
EndProject
Project("{FAE04EC0-301F-11D3-BF4B-00C04F79EFBC}") = "Cfg.Net.Parsers.Json.Net", "src\Parsers\Cfg.Net.Parsers.Json.Net\Cfg.Net.Parsers.Json.Net.csproj", "{D64515C8-95B0-459B-BF6C-9F54E170211F}"
EndProject
Project("{FAE04EC0-301F-11D3-BF4B-00C04F79EFBC}") = "Cfg.Net.Parsers.Xml.Linq", "src\Parsers\Cfg.Net.Parsers.Xml.Linq\Cfg.Net.Parsers.Xml.Linq.csproj", "{093898FA-64E6-4E71-8DFF-141C8888BFBE}"
EndProject
Project("{FAE04EC0-301F-11D3-BF4B-00C04F79EFBC}") = "Cfg.Net.Parsers.YamlDotNet", "src\Parsers\Cfg.Net.Parsers.YamlDotNet\Cfg.Net.Parsers.YamlDotNet.csproj", "{2008644B-DB1F-4A50-BB7E-550F55E704F0}"
EndProject
Project("{2150E333-8FDC-42A3-9474-1A3956D46DE8}") = "Customizers", "Customizers", "{D7A50A64-07B3-4325-B814-294CE6390293}"
EndProject
Project("{2150E333-8FDC-42A3-9474-1A3956D46DE8}") = "Environment", "Environment", "{B902824A-989D-44A3-A93E-FFBD8C531154}"
EndProject
Project("{2150E333-8FDC-42A3-9474-1A3956D46DE8}") = "Shorthand", "Shorthand", "{D2687546-4D86-4E58-90CA-C606EE9F4E16}"
EndProject
Project("{FAE04EC0-301F-11D3-BF4B-00C04F79EFBC}") = "Cfg.Net.Environment", "src\Customizers\Environment\Cfg.Net.Environment\Cfg.Net.Environment.csproj", "{629F7C32-54AD-400C-A0BF-9D0772A58E3A}"
EndProject
Project("{FAE04EC0-301F-11D3-BF4B-00C04F79EFBC}") = "Cfg.Net.Shorthand", "src\Customizers\Shorthand\Cfg.Net.Shorthand\Cfg.Net.Shorthand.csproj", "{B74D8FFA-AF9A-4B14-BC6D-3C43469D571D}"
EndProject
Project("{D954291E-2A0B-460D-934E-DC6B0785DB48}") = "Cfg.Net.Environment.Shared", "src\Customizers\Environment\Cfg.Net.Environment.Shared\Cfg.Net.Environment.Shared.shproj", "{D17D76EA-69C0-4EC1-8E35-D15C4EB3F4B0}"
EndProject
Project("{FAE04EC0-301F-11D3-BF4B-00C04F79EFBC}") = "Cfg.Net.Environment.Standard.20", "src\Customizers\Environment\Cfg.Net.Environment.Standard.20\Cfg.Net.Environment.Standard.20.csproj", "{EC2F5376-3078-412C-9EF6-3F4167B08F2B}"
EndProject
Project("{D954291E-2A0B-460D-934E-DC6B0785DB48}") = "Cfg.Net.Shorthand.Shared", "src\Customizers\Shorthand\Cfg.Net.Shorthand.Shared\Cfg.Net.Shorthand.Shared.shproj", "{28DA6C7F-A14D-4787-9D61-457997288D99}"
EndProject
Project("{FAE04EC0-301F-11D3-BF4B-00C04F79EFBC}") = "Cfg.Net.Shorthand.Standard.20", "src\Customizers\Shorthand\Cfg.Net.Shorthand.Standard.20\Cfg.Net.Shorthand.Standard.20.csproj", "{43FA3F95-0516-4D66-938E-266C0F961C79}"
EndProject
Global
	GlobalSection(SharedMSBuildProjectFiles) = preSolution
		src\Main\Cfg.Net.Shared\Cfg.Net.Shared.projitems*{20ecb16c-d7e6-41ca-a8ed-3c197057eccd}*SharedItemsImports = 13
		src\Customizers\Shorthand\Cfg.Net.Shorthand.Shared\Cfg.Net.Shorthand.Shared.projitems*{28da6c7f-a14d-4787-9d61-457997288d99}*SharedItemsImports = 13
		src\Main\Cfg.Net.Shared\Cfg.Net.Shared.projitems*{4cfd5636-2e70-4f75-af99-aef8bb725f6f}*SharedItemsImports = 4
		src\Main\Cfg.Net.Shared\Cfg.Net.Shared.projitems*{4e2ae038-16a9-4845-bb1b-51c09db6f616}*SharedItemsImports = 4
		src\Customizers\Environment\Cfg.Net.Environment.Shared\Cfg.Net.Environment.Shared.projitems*{629f7c32-54ad-400c-a0bf-9d0772a58e3a}*SharedItemsImports = 4
		src\Main\Cfg.Net.Shared\Cfg.Net.Shared.projitems*{6ccfd0fd-c0b7-4b2b-ab17-2d8e3567b7e2}*SharedItemsImports = 4
		src\Readers\Default\Cfg.Net.Reader.Shared\Cfg.Net.Reader.Shared.projitems*{93afd9a7-5dc8-4392-8632-a553723bd3ac}*SharedItemsImports = 4
		src\Main\Cfg.Net.Shared\Cfg.Net.Shared.projitems*{ab7e396c-cb0d-4a23-8d7e-96d58a501ff0}*SharedItemsImports = 4
		src\Main\Cfg.Net.Shared\Cfg.Net.Shared.projitems*{b65fc5ae-d51a-408d-b324-ab4729ade4d7}*SharedItemsImports = 4
		src\Customizers\Shorthand\Cfg.Net.Shorthand.Shared\Cfg.Net.Shorthand.Shared.projitems*{b74d8ffa-af9a-4b14-bc6d-3c43469d571d}*SharedItemsImports = 4
		src\Readers\Default\Cfg.Net.Reader.Shared\Cfg.Net.Reader.Shared.projitems*{c76fc002-10fd-4a69-af1a-1c9260ec6807}*SharedItemsImports = 13
		src\Customizers\Environment\Cfg.Net.Environment.Shared\Cfg.Net.Environment.Shared.projitems*{d17d76ea-69c0-4ec1-8e35-d15c4eb3f4b0}*SharedItemsImports = 13
	EndGlobalSection
	GlobalSection(SolutionConfigurationPlatforms) = preSolution
		Debug|Any CPU = Debug|Any CPU
		Debug|ARM = Debug|ARM
		Debug|x64 = Debug|x64
		Debug|x86 = Debug|x86
		Release|Any CPU = Release|Any CPU
		Release|ARM = Release|ARM
		Release|x64 = Release|x64
		Release|x86 = Release|x86
		Description = An alternative .NET configuration handler.
	EndGlobalSection
	GlobalSection(ProjectConfigurationPlatforms) = postSolution
		{D72D7DC6-20FE-431B-8C9C-A3695C627D36}.Debug|Any CPU.ActiveCfg = Debug|Any CPU
		{D72D7DC6-20FE-431B-8C9C-A3695C627D36}.Debug|Any CPU.Build.0 = Debug|Any CPU
		{D72D7DC6-20FE-431B-8C9C-A3695C627D36}.Debug|ARM.ActiveCfg = Debug|Any CPU
		{D72D7DC6-20FE-431B-8C9C-A3695C627D36}.Debug|ARM.Build.0 = Debug|Any CPU
		{D72D7DC6-20FE-431B-8C9C-A3695C627D36}.Debug|x64.ActiveCfg = Debug|Any CPU
		{D72D7DC6-20FE-431B-8C9C-A3695C627D36}.Debug|x64.Build.0 = Debug|Any CPU
		{D72D7DC6-20FE-431B-8C9C-A3695C627D36}.Debug|x86.ActiveCfg = Debug|Any CPU
		{D72D7DC6-20FE-431B-8C9C-A3695C627D36}.Debug|x86.Build.0 = Debug|Any CPU
		{D72D7DC6-20FE-431B-8C9C-A3695C627D36}.Release|Any CPU.ActiveCfg = Release|Any CPU
		{D72D7DC6-20FE-431B-8C9C-A3695C627D36}.Release|Any CPU.Build.0 = Release|Any CPU
		{D72D7DC6-20FE-431B-8C9C-A3695C627D36}.Release|ARM.ActiveCfg = Release|Any CPU
		{D72D7DC6-20FE-431B-8C9C-A3695C627D36}.Release|ARM.Build.0 = Release|Any CPU
		{D72D7DC6-20FE-431B-8C9C-A3695C627D36}.Release|x64.ActiveCfg = Release|Any CPU
		{D72D7DC6-20FE-431B-8C9C-A3695C627D36}.Release|x64.Build.0 = Release|Any CPU
		{D72D7DC6-20FE-431B-8C9C-A3695C627D36}.Release|x86.ActiveCfg = Release|Any CPU
		{D72D7DC6-20FE-431B-8C9C-A3695C627D36}.Release|x86.Build.0 = Release|Any CPU
		{6CCFD0FD-C0B7-4B2B-AB17-2D8E3567B7E2}.Debug|Any CPU.ActiveCfg = Debug|Any CPU
		{6CCFD0FD-C0B7-4B2B-AB17-2D8E3567B7E2}.Debug|Any CPU.Build.0 = Debug|Any CPU
		{6CCFD0FD-C0B7-4B2B-AB17-2D8E3567B7E2}.Debug|ARM.ActiveCfg = Debug|Any CPU
		{6CCFD0FD-C0B7-4B2B-AB17-2D8E3567B7E2}.Debug|ARM.Build.0 = Debug|Any CPU
		{6CCFD0FD-C0B7-4B2B-AB17-2D8E3567B7E2}.Debug|x64.ActiveCfg = Debug|Any CPU
		{6CCFD0FD-C0B7-4B2B-AB17-2D8E3567B7E2}.Debug|x64.Build.0 = Debug|Any CPU
		{6CCFD0FD-C0B7-4B2B-AB17-2D8E3567B7E2}.Debug|x86.ActiveCfg = Debug|Any CPU
		{6CCFD0FD-C0B7-4B2B-AB17-2D8E3567B7E2}.Debug|x86.Build.0 = Debug|Any CPU
		{6CCFD0FD-C0B7-4B2B-AB17-2D8E3567B7E2}.Release|Any CPU.ActiveCfg = Release|Any CPU
		{6CCFD0FD-C0B7-4B2B-AB17-2D8E3567B7E2}.Release|Any CPU.Build.0 = Release|Any CPU
		{6CCFD0FD-C0B7-4B2B-AB17-2D8E3567B7E2}.Release|ARM.ActiveCfg = Release|Any CPU
		{6CCFD0FD-C0B7-4B2B-AB17-2D8E3567B7E2}.Release|ARM.Build.0 = Release|Any CPU
		{6CCFD0FD-C0B7-4B2B-AB17-2D8E3567B7E2}.Release|x64.ActiveCfg = Release|Any CPU
		{6CCFD0FD-C0B7-4B2B-AB17-2D8E3567B7E2}.Release|x64.Build.0 = Release|Any CPU
		{6CCFD0FD-C0B7-4B2B-AB17-2D8E3567B7E2}.Release|x86.ActiveCfg = Release|Any CPU
		{6CCFD0FD-C0B7-4B2B-AB17-2D8E3567B7E2}.Release|x86.Build.0 = Release|Any CPU
		{4E2AE038-16A9-4845-BB1B-51C09DB6F616}.Debug|Any CPU.ActiveCfg = Debug|Any CPU
		{4E2AE038-16A9-4845-BB1B-51C09DB6F616}.Debug|Any CPU.Build.0 = Debug|Any CPU
		{4E2AE038-16A9-4845-BB1B-51C09DB6F616}.Debug|ARM.ActiveCfg = Debug|Any CPU
		{4E2AE038-16A9-4845-BB1B-51C09DB6F616}.Debug|ARM.Build.0 = Debug|Any CPU
		{4E2AE038-16A9-4845-BB1B-51C09DB6F616}.Debug|x64.ActiveCfg = Debug|Any CPU
		{4E2AE038-16A9-4845-BB1B-51C09DB6F616}.Debug|x64.Build.0 = Debug|Any CPU
		{4E2AE038-16A9-4845-BB1B-51C09DB6F616}.Debug|x86.ActiveCfg = Debug|Any CPU
		{4E2AE038-16A9-4845-BB1B-51C09DB6F616}.Debug|x86.Build.0 = Debug|Any CPU
		{4E2AE038-16A9-4845-BB1B-51C09DB6F616}.Release|Any CPU.ActiveCfg = Release|Any CPU
		{4E2AE038-16A9-4845-BB1B-51C09DB6F616}.Release|Any CPU.Build.0 = Release|Any CPU
		{4E2AE038-16A9-4845-BB1B-51C09DB6F616}.Release|ARM.ActiveCfg = Release|Any CPU
		{4E2AE038-16A9-4845-BB1B-51C09DB6F616}.Release|ARM.Build.0 = Release|Any CPU
		{4E2AE038-16A9-4845-BB1B-51C09DB6F616}.Release|x64.ActiveCfg = Release|Any CPU
		{4E2AE038-16A9-4845-BB1B-51C09DB6F616}.Release|x64.Build.0 = Release|Any CPU
		{4E2AE038-16A9-4845-BB1B-51C09DB6F616}.Release|x86.ActiveCfg = Release|Any CPU
		{4E2AE038-16A9-4845-BB1B-51C09DB6F616}.Release|x86.Build.0 = Release|Any CPU
		{4CFD5636-2E70-4F75-AF99-AEF8BB725F6F}.Debug|Any CPU.ActiveCfg = Debug|Any CPU
		{4CFD5636-2E70-4F75-AF99-AEF8BB725F6F}.Debug|Any CPU.Build.0 = Debug|Any CPU
		{4CFD5636-2E70-4F75-AF99-AEF8BB725F6F}.Debug|ARM.ActiveCfg = Debug|Any CPU
		{4CFD5636-2E70-4F75-AF99-AEF8BB725F6F}.Debug|ARM.Build.0 = Debug|Any CPU
		{4CFD5636-2E70-4F75-AF99-AEF8BB725F6F}.Debug|x64.ActiveCfg = Debug|Any CPU
		{4CFD5636-2E70-4F75-AF99-AEF8BB725F6F}.Debug|x64.Build.0 = Debug|Any CPU
		{4CFD5636-2E70-4F75-AF99-AEF8BB725F6F}.Debug|x86.ActiveCfg = Debug|Any CPU
		{4CFD5636-2E70-4F75-AF99-AEF8BB725F6F}.Debug|x86.Build.0 = Debug|Any CPU
		{4CFD5636-2E70-4F75-AF99-AEF8BB725F6F}.Release|Any CPU.ActiveCfg = Release|Any CPU
		{4CFD5636-2E70-4F75-AF99-AEF8BB725F6F}.Release|Any CPU.Build.0 = Release|Any CPU
		{4CFD5636-2E70-4F75-AF99-AEF8BB725F6F}.Release|ARM.ActiveCfg = Release|Any CPU
		{4CFD5636-2E70-4F75-AF99-AEF8BB725F6F}.Release|ARM.Build.0 = Release|Any CPU
		{4CFD5636-2E70-4F75-AF99-AEF8BB725F6F}.Release|x64.ActiveCfg = Release|Any CPU
		{4CFD5636-2E70-4F75-AF99-AEF8BB725F6F}.Release|x64.Build.0 = Release|Any CPU
		{4CFD5636-2E70-4F75-AF99-AEF8BB725F6F}.Release|x86.ActiveCfg = Release|Any CPU
		{4CFD5636-2E70-4F75-AF99-AEF8BB725F6F}.Release|x86.Build.0 = Release|Any CPU
		{AB7E396C-CB0D-4A23-8D7E-96D58A501FF0}.Debug|Any CPU.ActiveCfg = Debug|Any CPU
		{AB7E396C-CB0D-4A23-8D7E-96D58A501FF0}.Debug|Any CPU.Build.0 = Debug|Any CPU
		{AB7E396C-CB0D-4A23-8D7E-96D58A501FF0}.Debug|ARM.ActiveCfg = Debug|Any CPU
		{AB7E396C-CB0D-4A23-8D7E-96D58A501FF0}.Debug|ARM.Build.0 = Debug|Any CPU
		{AB7E396C-CB0D-4A23-8D7E-96D58A501FF0}.Debug|x64.ActiveCfg = Debug|Any CPU
		{AB7E396C-CB0D-4A23-8D7E-96D58A501FF0}.Debug|x64.Build.0 = Debug|Any CPU
		{AB7E396C-CB0D-4A23-8D7E-96D58A501FF0}.Debug|x86.ActiveCfg = Debug|Any CPU
		{AB7E396C-CB0D-4A23-8D7E-96D58A501FF0}.Debug|x86.Build.0 = Debug|Any CPU
		{AB7E396C-CB0D-4A23-8D7E-96D58A501FF0}.Release|Any CPU.ActiveCfg = Release|Any CPU
		{AB7E396C-CB0D-4A23-8D7E-96D58A501FF0}.Release|Any CPU.Build.0 = Release|Any CPU
		{AB7E396C-CB0D-4A23-8D7E-96D58A501FF0}.Release|ARM.ActiveCfg = Release|Any CPU
		{AB7E396C-CB0D-4A23-8D7E-96D58A501FF0}.Release|ARM.Build.0 = Release|Any CPU
		{AB7E396C-CB0D-4A23-8D7E-96D58A501FF0}.Release|x64.ActiveCfg = Release|Any CPU
		{AB7E396C-CB0D-4A23-8D7E-96D58A501FF0}.Release|x64.Build.0 = Release|Any CPU
		{AB7E396C-CB0D-4A23-8D7E-96D58A501FF0}.Release|x86.ActiveCfg = Release|Any CPU
		{AB7E396C-CB0D-4A23-8D7E-96D58A501FF0}.Release|x86.Build.0 = Release|Any CPU
		{B65FC5AE-D51A-408D-B324-AB4729ADE4D7}.Debug|Any CPU.ActiveCfg = Debug|Any CPU
		{B65FC5AE-D51A-408D-B324-AB4729ADE4D7}.Debug|Any CPU.Build.0 = Debug|Any CPU
		{B65FC5AE-D51A-408D-B324-AB4729ADE4D7}.Debug|ARM.ActiveCfg = Debug|Any CPU
		{B65FC5AE-D51A-408D-B324-AB4729ADE4D7}.Debug|ARM.Build.0 = Debug|Any CPU
		{B65FC5AE-D51A-408D-B324-AB4729ADE4D7}.Debug|x64.ActiveCfg = Debug|Any CPU
		{B65FC5AE-D51A-408D-B324-AB4729ADE4D7}.Debug|x64.Build.0 = Debug|Any CPU
		{B65FC5AE-D51A-408D-B324-AB4729ADE4D7}.Debug|x86.ActiveCfg = Debug|Any CPU
		{B65FC5AE-D51A-408D-B324-AB4729ADE4D7}.Debug|x86.Build.0 = Debug|Any CPU
		{B65FC5AE-D51A-408D-B324-AB4729ADE4D7}.Release|Any CPU.ActiveCfg = Release|Any CPU
		{B65FC5AE-D51A-408D-B324-AB4729ADE4D7}.Release|Any CPU.Build.0 = Release|Any CPU
		{B65FC5AE-D51A-408D-B324-AB4729ADE4D7}.Release|ARM.ActiveCfg = Release|Any CPU
		{B65FC5AE-D51A-408D-B324-AB4729ADE4D7}.Release|ARM.Build.0 = Release|Any CPU
		{B65FC5AE-D51A-408D-B324-AB4729ADE4D7}.Release|x64.ActiveCfg = Release|Any CPU
		{B65FC5AE-D51A-408D-B324-AB4729ADE4D7}.Release|x64.Build.0 = Release|Any CPU
		{B65FC5AE-D51A-408D-B324-AB4729ADE4D7}.Release|x86.ActiveCfg = Release|Any CPU
		{B65FC5AE-D51A-408D-B324-AB4729ADE4D7}.Release|x86.Build.0 = Release|Any CPU
		{50BEB203-FEA0-47FD-9BC1-4B2ECCC91377}.Debug|Any CPU.ActiveCfg = Debug|Any CPU
		{50BEB203-FEA0-47FD-9BC1-4B2ECCC91377}.Debug|Any CPU.Build.0 = Debug|Any CPU
		{50BEB203-FEA0-47FD-9BC1-4B2ECCC91377}.Debug|ARM.ActiveCfg = Debug|Any CPU
		{50BEB203-FEA0-47FD-9BC1-4B2ECCC91377}.Debug|ARM.Build.0 = Debug|Any CPU
		{50BEB203-FEA0-47FD-9BC1-4B2ECCC91377}.Debug|x64.ActiveCfg = Debug|Any CPU
		{50BEB203-FEA0-47FD-9BC1-4B2ECCC91377}.Debug|x64.Build.0 = Debug|Any CPU
		{50BEB203-FEA0-47FD-9BC1-4B2ECCC91377}.Debug|x86.ActiveCfg = Debug|Any CPU
		{50BEB203-FEA0-47FD-9BC1-4B2ECCC91377}.Debug|x86.Build.0 = Debug|Any CPU
		{50BEB203-FEA0-47FD-9BC1-4B2ECCC91377}.Release|Any CPU.ActiveCfg = Release|Any CPU
		{50BEB203-FEA0-47FD-9BC1-4B2ECCC91377}.Release|Any CPU.Build.0 = Release|Any CPU
		{50BEB203-FEA0-47FD-9BC1-4B2ECCC91377}.Release|ARM.ActiveCfg = Release|Any CPU
		{50BEB203-FEA0-47FD-9BC1-4B2ECCC91377}.Release|ARM.Build.0 = Release|Any CPU
		{50BEB203-FEA0-47FD-9BC1-4B2ECCC91377}.Release|x64.ActiveCfg = Release|Any CPU
		{50BEB203-FEA0-47FD-9BC1-4B2ECCC91377}.Release|x64.Build.0 = Release|Any CPU
		{50BEB203-FEA0-47FD-9BC1-4B2ECCC91377}.Release|x86.ActiveCfg = Release|Any CPU
		{50BEB203-FEA0-47FD-9BC1-4B2ECCC91377}.Release|x86.Build.0 = Release|Any CPU
		{93AFD9A7-5DC8-4392-8632-A553723BD3AC}.Debug|Any CPU.ActiveCfg = Debug|Any CPU
		{93AFD9A7-5DC8-4392-8632-A553723BD3AC}.Debug|Any CPU.Build.0 = Debug|Any CPU
		{93AFD9A7-5DC8-4392-8632-A553723BD3AC}.Debug|ARM.ActiveCfg = Debug|Any CPU
		{93AFD9A7-5DC8-4392-8632-A553723BD3AC}.Debug|ARM.Build.0 = Debug|Any CPU
		{93AFD9A7-5DC8-4392-8632-A553723BD3AC}.Debug|x64.ActiveCfg = Debug|Any CPU
		{93AFD9A7-5DC8-4392-8632-A553723BD3AC}.Debug|x64.Build.0 = Debug|Any CPU
		{93AFD9A7-5DC8-4392-8632-A553723BD3AC}.Debug|x86.ActiveCfg = Debug|Any CPU
		{93AFD9A7-5DC8-4392-8632-A553723BD3AC}.Debug|x86.Build.0 = Debug|Any CPU
		{93AFD9A7-5DC8-4392-8632-A553723BD3AC}.Release|Any CPU.ActiveCfg = Release|Any CPU
		{93AFD9A7-5DC8-4392-8632-A553723BD3AC}.Release|Any CPU.Build.0 = Release|Any CPU
		{93AFD9A7-5DC8-4392-8632-A553723BD3AC}.Release|ARM.ActiveCfg = Release|Any CPU
		{93AFD9A7-5DC8-4392-8632-A553723BD3AC}.Release|ARM.Build.0 = Release|Any CPU
		{93AFD9A7-5DC8-4392-8632-A553723BD3AC}.Release|x64.ActiveCfg = Release|Any CPU
		{93AFD9A7-5DC8-4392-8632-A553723BD3AC}.Release|x64.Build.0 = Release|Any CPU
		{93AFD9A7-5DC8-4392-8632-A553723BD3AC}.Release|x86.ActiveCfg = Release|Any CPU
		{93AFD9A7-5DC8-4392-8632-A553723BD3AC}.Release|x86.Build.0 = Release|Any CPU
		{44C47FC7-E690-4FCE-839A-95CA28CE51B6}.Debug|Any CPU.ActiveCfg = Debug|Any CPU
		{44C47FC7-E690-4FCE-839A-95CA28CE51B6}.Debug|Any CPU.Build.0 = Debug|Any CPU
		{44C47FC7-E690-4FCE-839A-95CA28CE51B6}.Debug|ARM.ActiveCfg = Debug|Any CPU
		{44C47FC7-E690-4FCE-839A-95CA28CE51B6}.Debug|ARM.Build.0 = Debug|Any CPU
		{44C47FC7-E690-4FCE-839A-95CA28CE51B6}.Debug|x64.ActiveCfg = Debug|Any CPU
		{44C47FC7-E690-4FCE-839A-95CA28CE51B6}.Debug|x64.Build.0 = Debug|Any CPU
		{44C47FC7-E690-4FCE-839A-95CA28CE51B6}.Debug|x86.ActiveCfg = Debug|Any CPU
		{44C47FC7-E690-4FCE-839A-95CA28CE51B6}.Debug|x86.Build.0 = Debug|Any CPU
		{44C47FC7-E690-4FCE-839A-95CA28CE51B6}.Release|Any CPU.ActiveCfg = Release|Any CPU
		{44C47FC7-E690-4FCE-839A-95CA28CE51B6}.Release|Any CPU.Build.0 = Release|Any CPU
		{44C47FC7-E690-4FCE-839A-95CA28CE51B6}.Release|ARM.ActiveCfg = Release|Any CPU
		{44C47FC7-E690-4FCE-839A-95CA28CE51B6}.Release|ARM.Build.0 = Release|Any CPU
		{44C47FC7-E690-4FCE-839A-95CA28CE51B6}.Release|x64.ActiveCfg = Release|Any CPU
		{44C47FC7-E690-4FCE-839A-95CA28CE51B6}.Release|x64.Build.0 = Release|Any CPU
		{44C47FC7-E690-4FCE-839A-95CA28CE51B6}.Release|x86.ActiveCfg = Release|Any CPU
		{44C47FC7-E690-4FCE-839A-95CA28CE51B6}.Release|x86.Build.0 = Release|Any CPU
		{D64515C8-95B0-459B-BF6C-9F54E170211F}.Debug|Any CPU.ActiveCfg = Debug|Any CPU
		{D64515C8-95B0-459B-BF6C-9F54E170211F}.Debug|Any CPU.Build.0 = Debug|Any CPU
		{D64515C8-95B0-459B-BF6C-9F54E170211F}.Debug|ARM.ActiveCfg = Debug|Any CPU
		{D64515C8-95B0-459B-BF6C-9F54E170211F}.Debug|ARM.Build.0 = Debug|Any CPU
		{D64515C8-95B0-459B-BF6C-9F54E170211F}.Debug|x64.ActiveCfg = Debug|Any CPU
		{D64515C8-95B0-459B-BF6C-9F54E170211F}.Debug|x64.Build.0 = Debug|Any CPU
		{D64515C8-95B0-459B-BF6C-9F54E170211F}.Debug|x86.ActiveCfg = Debug|Any CPU
		{D64515C8-95B0-459B-BF6C-9F54E170211F}.Debug|x86.Build.0 = Debug|Any CPU
		{D64515C8-95B0-459B-BF6C-9F54E170211F}.Release|Any CPU.ActiveCfg = Release|Any CPU
		{D64515C8-95B0-459B-BF6C-9F54E170211F}.Release|Any CPU.Build.0 = Release|Any CPU
		{D64515C8-95B0-459B-BF6C-9F54E170211F}.Release|ARM.ActiveCfg = Release|Any CPU
		{D64515C8-95B0-459B-BF6C-9F54E170211F}.Release|ARM.Build.0 = Release|Any CPU
		{D64515C8-95B0-459B-BF6C-9F54E170211F}.Release|x64.ActiveCfg = Release|Any CPU
		{D64515C8-95B0-459B-BF6C-9F54E170211F}.Release|x64.Build.0 = Release|Any CPU
		{D64515C8-95B0-459B-BF6C-9F54E170211F}.Release|x86.ActiveCfg = Release|Any CPU
		{D64515C8-95B0-459B-BF6C-9F54E170211F}.Release|x86.Build.0 = Release|Any CPU
		{093898FA-64E6-4E71-8DFF-141C8888BFBE}.Debug|Any CPU.ActiveCfg = Debug|Any CPU
		{093898FA-64E6-4E71-8DFF-141C8888BFBE}.Debug|Any CPU.Build.0 = Debug|Any CPU
		{093898FA-64E6-4E71-8DFF-141C8888BFBE}.Debug|ARM.ActiveCfg = Debug|Any CPU
		{093898FA-64E6-4E71-8DFF-141C8888BFBE}.Debug|ARM.Build.0 = Debug|Any CPU
		{093898FA-64E6-4E71-8DFF-141C8888BFBE}.Debug|x64.ActiveCfg = Debug|Any CPU
		{093898FA-64E6-4E71-8DFF-141C8888BFBE}.Debug|x64.Build.0 = Debug|Any CPU
		{093898FA-64E6-4E71-8DFF-141C8888BFBE}.Debug|x86.ActiveCfg = Debug|Any CPU
		{093898FA-64E6-4E71-8DFF-141C8888BFBE}.Debug|x86.Build.0 = Debug|Any CPU
		{093898FA-64E6-4E71-8DFF-141C8888BFBE}.Release|Any CPU.ActiveCfg = Release|Any CPU
		{093898FA-64E6-4E71-8DFF-141C8888BFBE}.Release|Any CPU.Build.0 = Release|Any CPU
		{093898FA-64E6-4E71-8DFF-141C8888BFBE}.Release|ARM.ActiveCfg = Release|Any CPU
		{093898FA-64E6-4E71-8DFF-141C8888BFBE}.Release|ARM.Build.0 = Release|Any CPU
		{093898FA-64E6-4E71-8DFF-141C8888BFBE}.Release|x64.ActiveCfg = Release|Any CPU
		{093898FA-64E6-4E71-8DFF-141C8888BFBE}.Release|x64.Build.0 = Release|Any CPU
		{093898FA-64E6-4E71-8DFF-141C8888BFBE}.Release|x86.ActiveCfg = Release|Any CPU
		{093898FA-64E6-4E71-8DFF-141C8888BFBE}.Release|x86.Build.0 = Release|Any CPU
		{2008644B-DB1F-4A50-BB7E-550F55E704F0}.Debug|Any CPU.ActiveCfg = Debug|Any CPU
		{2008644B-DB1F-4A50-BB7E-550F55E704F0}.Debug|Any CPU.Build.0 = Debug|Any CPU
		{2008644B-DB1F-4A50-BB7E-550F55E704F0}.Debug|ARM.ActiveCfg = Debug|Any CPU
		{2008644B-DB1F-4A50-BB7E-550F55E704F0}.Debug|ARM.Build.0 = Debug|Any CPU
		{2008644B-DB1F-4A50-BB7E-550F55E704F0}.Debug|x64.ActiveCfg = Debug|Any CPU
		{2008644B-DB1F-4A50-BB7E-550F55E704F0}.Debug|x64.Build.0 = Debug|Any CPU
		{2008644B-DB1F-4A50-BB7E-550F55E704F0}.Debug|x86.ActiveCfg = Debug|Any CPU
		{2008644B-DB1F-4A50-BB7E-550F55E704F0}.Debug|x86.Build.0 = Debug|Any CPU
		{2008644B-DB1F-4A50-BB7E-550F55E704F0}.Release|Any CPU.ActiveCfg = Release|Any CPU
		{2008644B-DB1F-4A50-BB7E-550F55E704F0}.Release|Any CPU.Build.0 = Release|Any CPU
		{2008644B-DB1F-4A50-BB7E-550F55E704F0}.Release|ARM.ActiveCfg = Release|Any CPU
		{2008644B-DB1F-4A50-BB7E-550F55E704F0}.Release|ARM.Build.0 = Release|Any CPU
		{2008644B-DB1F-4A50-BB7E-550F55E704F0}.Release|x64.ActiveCfg = Release|Any CPU
		{2008644B-DB1F-4A50-BB7E-550F55E704F0}.Release|x64.Build.0 = Release|Any CPU
		{2008644B-DB1F-4A50-BB7E-550F55E704F0}.Release|x86.ActiveCfg = Release|Any CPU
		{2008644B-DB1F-4A50-BB7E-550F55E704F0}.Release|x86.Build.0 = Release|Any CPU
		{629F7C32-54AD-400C-A0BF-9D0772A58E3A}.Debug|Any CPU.ActiveCfg = Debug|Any CPU
		{629F7C32-54AD-400C-A0BF-9D0772A58E3A}.Debug|Any CPU.Build.0 = Debug|Any CPU
		{629F7C32-54AD-400C-A0BF-9D0772A58E3A}.Debug|ARM.ActiveCfg = Debug|Any CPU
		{629F7C32-54AD-400C-A0BF-9D0772A58E3A}.Debug|ARM.Build.0 = Debug|Any CPU
		{629F7C32-54AD-400C-A0BF-9D0772A58E3A}.Debug|x64.ActiveCfg = Debug|Any CPU
		{629F7C32-54AD-400C-A0BF-9D0772A58E3A}.Debug|x64.Build.0 = Debug|Any CPU
		{629F7C32-54AD-400C-A0BF-9D0772A58E3A}.Debug|x86.ActiveCfg = Debug|Any CPU
		{629F7C32-54AD-400C-A0BF-9D0772A58E3A}.Debug|x86.Build.0 = Debug|Any CPU
		{629F7C32-54AD-400C-A0BF-9D0772A58E3A}.Release|Any CPU.ActiveCfg = Release|Any CPU
		{629F7C32-54AD-400C-A0BF-9D0772A58E3A}.Release|Any CPU.Build.0 = Release|Any CPU
		{629F7C32-54AD-400C-A0BF-9D0772A58E3A}.Release|ARM.ActiveCfg = Release|Any CPU
		{629F7C32-54AD-400C-A0BF-9D0772A58E3A}.Release|ARM.Build.0 = Release|Any CPU
		{629F7C32-54AD-400C-A0BF-9D0772A58E3A}.Release|x64.ActiveCfg = Release|Any CPU
		{629F7C32-54AD-400C-A0BF-9D0772A58E3A}.Release|x64.Build.0 = Release|Any CPU
		{629F7C32-54AD-400C-A0BF-9D0772A58E3A}.Release|x86.ActiveCfg = Release|Any CPU
		{629F7C32-54AD-400C-A0BF-9D0772A58E3A}.Release|x86.Build.0 = Release|Any CPU
		{B74D8FFA-AF9A-4B14-BC6D-3C43469D571D}.Debug|Any CPU.ActiveCfg = Debug|Any CPU
		{B74D8FFA-AF9A-4B14-BC6D-3C43469D571D}.Debug|Any CPU.Build.0 = Debug|Any CPU
		{B74D8FFA-AF9A-4B14-BC6D-3C43469D571D}.Debug|ARM.ActiveCfg = Debug|Any CPU
		{B74D8FFA-AF9A-4B14-BC6D-3C43469D571D}.Debug|ARM.Build.0 = Debug|Any CPU
		{B74D8FFA-AF9A-4B14-BC6D-3C43469D571D}.Debug|x64.ActiveCfg = Debug|Any CPU
		{B74D8FFA-AF9A-4B14-BC6D-3C43469D571D}.Debug|x64.Build.0 = Debug|Any CPU
		{B74D8FFA-AF9A-4B14-BC6D-3C43469D571D}.Debug|x86.ActiveCfg = Debug|Any CPU
		{B74D8FFA-AF9A-4B14-BC6D-3C43469D571D}.Debug|x86.Build.0 = Debug|Any CPU
		{B74D8FFA-AF9A-4B14-BC6D-3C43469D571D}.Release|Any CPU.ActiveCfg = Release|Any CPU
		{B74D8FFA-AF9A-4B14-BC6D-3C43469D571D}.Release|Any CPU.Build.0 = Release|Any CPU
		{B74D8FFA-AF9A-4B14-BC6D-3C43469D571D}.Release|ARM.ActiveCfg = Release|Any CPU
		{B74D8FFA-AF9A-4B14-BC6D-3C43469D571D}.Release|ARM.Build.0 = Release|Any CPU
		{B74D8FFA-AF9A-4B14-BC6D-3C43469D571D}.Release|x64.ActiveCfg = Release|Any CPU
		{B74D8FFA-AF9A-4B14-BC6D-3C43469D571D}.Release|x64.Build.0 = Release|Any CPU
		{B74D8FFA-AF9A-4B14-BC6D-3C43469D571D}.Release|x86.ActiveCfg = Release|Any CPU
		{B74D8FFA-AF9A-4B14-BC6D-3C43469D571D}.Release|x86.Build.0 = Release|Any CPU
		{EC2F5376-3078-412C-9EF6-3F4167B08F2B}.Debug|Any CPU.ActiveCfg = Debug|Any CPU
		{EC2F5376-3078-412C-9EF6-3F4167B08F2B}.Debug|Any CPU.Build.0 = Debug|Any CPU
		{EC2F5376-3078-412C-9EF6-3F4167B08F2B}.Debug|ARM.ActiveCfg = Debug|Any CPU
		{EC2F5376-3078-412C-9EF6-3F4167B08F2B}.Debug|ARM.Build.0 = Debug|Any CPU
		{EC2F5376-3078-412C-9EF6-3F4167B08F2B}.Debug|x64.ActiveCfg = Debug|Any CPU
		{EC2F5376-3078-412C-9EF6-3F4167B08F2B}.Debug|x64.Build.0 = Debug|Any CPU
		{EC2F5376-3078-412C-9EF6-3F4167B08F2B}.Debug|x86.ActiveCfg = Debug|Any CPU
		{EC2F5376-3078-412C-9EF6-3F4167B08F2B}.Debug|x86.Build.0 = Debug|Any CPU
		{EC2F5376-3078-412C-9EF6-3F4167B08F2B}.Release|Any CPU.ActiveCfg = Release|Any CPU
		{EC2F5376-3078-412C-9EF6-3F4167B08F2B}.Release|Any CPU.Build.0 = Release|Any CPU
		{EC2F5376-3078-412C-9EF6-3F4167B08F2B}.Release|ARM.ActiveCfg = Release|Any CPU
		{EC2F5376-3078-412C-9EF6-3F4167B08F2B}.Release|ARM.Build.0 = Release|Any CPU
		{EC2F5376-3078-412C-9EF6-3F4167B08F2B}.Release|x64.ActiveCfg = Release|Any CPU
		{EC2F5376-3078-412C-9EF6-3F4167B08F2B}.Release|x64.Build.0 = Release|Any CPU
		{EC2F5376-3078-412C-9EF6-3F4167B08F2B}.Release|x86.ActiveCfg = Release|Any CPU
		{EC2F5376-3078-412C-9EF6-3F4167B08F2B}.Release|x86.Build.0 = Release|Any CPU
		{43FA3F95-0516-4D66-938E-266C0F961C79}.Debug|Any CPU.ActiveCfg = Debug|Any CPU
		{43FA3F95-0516-4D66-938E-266C0F961C79}.Debug|Any CPU.Build.0 = Debug|Any CPU
		{43FA3F95-0516-4D66-938E-266C0F961C79}.Debug|ARM.ActiveCfg = Debug|Any CPU
		{43FA3F95-0516-4D66-938E-266C0F961C79}.Debug|ARM.Build.0 = Debug|Any CPU
		{43FA3F95-0516-4D66-938E-266C0F961C79}.Debug|x64.ActiveCfg = Debug|Any CPU
		{43FA3F95-0516-4D66-938E-266C0F961C79}.Debug|x64.Build.0 = Debug|Any CPU
		{43FA3F95-0516-4D66-938E-266C0F961C79}.Debug|x86.ActiveCfg = Debug|Any CPU
		{43FA3F95-0516-4D66-938E-266C0F961C79}.Debug|x86.Build.0 = Debug|Any CPU
		{43FA3F95-0516-4D66-938E-266C0F961C79}.Release|Any CPU.ActiveCfg = Release|Any CPU
		{43FA3F95-0516-4D66-938E-266C0F961C79}.Release|Any CPU.Build.0 = Release|Any CPU
		{43FA3F95-0516-4D66-938E-266C0F961C79}.Release|ARM.ActiveCfg = Release|Any CPU
		{43FA3F95-0516-4D66-938E-266C0F961C79}.Release|ARM.Build.0 = Release|Any CPU
		{43FA3F95-0516-4D66-938E-266C0F961C79}.Release|x64.ActiveCfg = Release|Any CPU
		{43FA3F95-0516-4D66-938E-266C0F961C79}.Release|x64.Build.0 = Release|Any CPU
		{43FA3F95-0516-4D66-938E-266C0F961C79}.Release|x86.ActiveCfg = Release|Any CPU
		{43FA3F95-0516-4D66-938E-266C0F961C79}.Release|x86.Build.0 = Release|Any CPU
	EndGlobalSection
	GlobalSection(SolutionProperties) = preSolution
		HideSolutionNode = FALSE
	EndGlobalSection
	GlobalSection(NestedProjects) = preSolution
		{8BF2C711-7979-40D0-AE9D-A4F57340C50E} = {937D9058-D53A-4341-B076-284442EADE2D}
		{5FE37D04-9941-449E-9376-4C7BCA579F8B} = {937D9058-D53A-4341-B076-284442EADE2D}
		{20ECB16C-D7E6-41CA-A8ED-3C197057ECCD} = {856D08A7-0AE3-42C1-A811-75B59C0045BE}
		{6CCFD0FD-C0B7-4B2B-AB17-2D8E3567B7E2} = {856D08A7-0AE3-42C1-A811-75B59C0045BE}
		{4E2AE038-16A9-4845-BB1B-51C09DB6F616} = {856D08A7-0AE3-42C1-A811-75B59C0045BE}
		{4CFD5636-2E70-4F75-AF99-AEF8BB725F6F} = {856D08A7-0AE3-42C1-A811-75B59C0045BE}
		{AB7E396C-CB0D-4A23-8D7E-96D58A501FF0} = {856D08A7-0AE3-42C1-A811-75B59C0045BE}
		{B65FC5AE-D51A-408D-B324-AB4729ADE4D7} = {856D08A7-0AE3-42C1-A811-75B59C0045BE}
		{50BEB203-FEA0-47FD-9BC1-4B2ECCC91377} = {856D08A7-0AE3-42C1-A811-75B59C0045BE}
		{059A19FD-88D2-4BF4-B0E2-19192C954EA4} = {C3F93254-98AD-40BD-89C4-AFF840BF2C37}
		{93AFD9A7-5DC8-4392-8632-A553723BD3AC} = {059A19FD-88D2-4BF4-B0E2-19192C954EA4}
		{C76FC002-10FD-4A69-AF1A-1C9260EC6807} = {059A19FD-88D2-4BF4-B0E2-19192C954EA4}
		{44C47FC7-E690-4FCE-839A-95CA28CE51B6} = {059A19FD-88D2-4BF4-B0E2-19192C954EA4}
		{D64515C8-95B0-459B-BF6C-9F54E170211F} = {BDE74344-ADEE-424F-AF06-BB37D2D493B5}
		{093898FA-64E6-4E71-8DFF-141C8888BFBE} = {BDE74344-ADEE-424F-AF06-BB37D2D493B5}
		{2008644B-DB1F-4A50-BB7E-550F55E704F0} = {BDE74344-ADEE-424F-AF06-BB37D2D493B5}
		{B902824A-989D-44A3-A93E-FFBD8C531154} = {D7A50A64-07B3-4325-B814-294CE6390293}
		{D2687546-4D86-4E58-90CA-C606EE9F4E16} = {D7A50A64-07B3-4325-B814-294CE6390293}
		{629F7C32-54AD-400C-A0BF-9D0772A58E3A} = {B902824A-989D-44A3-A93E-FFBD8C531154}
		{B74D8FFA-AF9A-4B14-BC6D-3C43469D571D} = {D2687546-4D86-4E58-90CA-C606EE9F4E16}
		{D17D76EA-69C0-4EC1-8E35-D15C4EB3F4B0} = {B902824A-989D-44A3-A93E-FFBD8C531154}
		{EC2F5376-3078-412C-9EF6-3F4167B08F2B} = {B902824A-989D-44A3-A93E-FFBD8C531154}
		{28DA6C7F-A14D-4787-9D61-457997288D99} = {D2687546-4D86-4E58-90CA-C606EE9F4E16}
		{43FA3F95-0516-4D66-938E-266C0F961C79} = {D2687546-4D86-4E58-90CA-C606EE9F4E16}
	EndGlobalSection
	GlobalSection(ExtensibilityGlobals) = postSolution
		SolutionGuid = {A8810D42-17AC-46D1-92C9-2E1BDA3FF99D}
	EndGlobalSection
EndGlobal
