
Microsoft Visual Studio Solution File, Format Version 12.00
# Visual Studio Version 17
VisualStudioVersion = 17.2.32526.322
MinimumVisualStudioVersion = 10.0.40219.1
Project("{2150E333-8FDC-42A3-9474-1A3956D46DE8}") = "Solution Items", "Solution Items", "{937D9058-D53A-4341-B076-284442EADE2D}"
	ProjectSection(SolutionItems) = preProject
		.gitignore = .gitignore
		global.json = global.json
		README.md = README.md
	EndProjectSection
EndProject
Project("{2150E333-8FDC-42A3-9474-1A3956D46DE8}") = "Articles", "Articles", "{8BF2C711-7979-40D0-AE9D-A4F57340C50E}"
	ProjectSection(SolutionItems) = preProject
		Articles\Autofac.md = Articles\Autofac.md
		Articles\EnvironmentsAndParameters.md = Articles\EnvironmentsAndParameters.md
		Articles\Shorthand.md = Articles\Shorthand.md
	EndProjectSection
EndProject
Project("{2150E333-8FDC-42A3-9474-1A3956D46DE8}") = "Scripts", "Scripts", "{5FE37D04-9941-449E-9376-4C7BCA579F8B}"
	ProjectSection(SolutionItems) = preProject
		scripts\nuget-pack.sh = scripts\nuget-pack.sh
		scripts\nuget-push.sh = scripts\nuget-push.sh
	EndProjectSection
EndProject
Project("{2150E333-8FDC-42A3-9474-1A3956D46DE8}") = "Workflows", "Workflows", "{A1B2C3D4-E5F6-7890-ABCD-EF1234567890}"
	ProjectSection(SolutionItems) = preProject
		.github\workflows\dotnet.yml = .github\workflows\dotnet.yml
		.github\workflows\nuget-publish.yml = .github\workflows\nuget-publish.yml
	EndProjectSection
EndProject
Project("{2150E333-8FDC-42A3-9474-1A3956D46DE8}") = "Main", "Main", "{856D08A7-0AE3-42C1-A811-75B59C0045BE}"
EndProject
Project("{9A19103F-16F7-4668-BE54-9A1E7A4F7556}") = "Cfg.Net", "src\Main\Cfg.Net\Cfg.Net.csproj", "{50BEB203-FEA0-47FD-9BC1-4B2ECCC91377}"
EndProject
Project("{2150E333-8FDC-42A3-9474-1A3956D46DE8}") = "Readers", "Readers", "{C3F93254-98AD-40BD-89C4-AFF840BF2C37}"
EndProject
Project("{2150E333-8FDC-42A3-9474-1A3956D46DE8}") = "Default", "Default", "{059A19FD-88D2-4BF4-B0E2-19192C954EA4}"
EndProject
Project("{9A19103F-16F7-4668-BE54-9A1E7A4F7556}") = "Cfg.Net.Reader", "src\Readers\Default\Cfg.Net.Reader\Cfg.Net.Reader.csproj", "{44C47FC7-E690-4FCE-839A-95CA28CE51B6}"
EndProject
Project("{2150E333-8FDC-42A3-9474-1A3956D46DE8}") = "FileSystemWatcherReader", "FileSystemWatcherReader", "{E0C19E77-50A6-4FC9-96F2-B6FBA588A9B3}"
EndProject
Project("{9A19103F-16F7-4668-BE54-9A1E7A4F7556}") = "FileSystemWatcherReader", "src\Readers\FileSystemWatcherReader\FileSystemWatcherReader.csproj", "{C9FD840A-D479-41AF-A271-5023AF4A03ED}"
EndProject
Project("{2150E333-8FDC-42A3-9474-1A3956D46DE8}") = "Parsers", "Parsers", "{BDE74344-ADEE-424F-AF06-BB37D2D493B5}"
EndProject
Project("{9A19103F-16F7-4668-BE54-9A1E7A4F7556}") = "YamlDotNet", "src\Parsers\YamlDotNet\YamlDotNet.csproj", "{A55DD800-321B-44C2-A26E-D1CE375FB325}"
EndProject
Project("{9A19103F-16F7-4668-BE54-9A1E7A4F7556}") = "Xml.Linq", "src\Parsers\Xml.Linq\Xml.Linq.csproj", "{BD56CDCE-25A2-4E82-BB5E-F9AB25F2E6E8}"
EndProject
Project("{9A19103F-16F7-4668-BE54-9A1E7A4F7556}") = "Json.Net", "src\Parsers\Json.Net\Json.Net.csproj", "{A9BBFC2F-29D2-4003-AFE2-B7346F8F3DA5}"
EndProject
Project("{2150E333-8FDC-42A3-9474-1A3956D46DE8}") = "Customizers", "Customizers", "{D7A50A64-07B3-4325-B814-294CE6390293}"
EndProject
Project("{2150E333-8FDC-42A3-9474-1A3956D46DE8}") = "Environment", "Environment", "{B902824A-989D-44A3-A93E-FFBD8C531154}"
EndProject
Project("{9A19103F-16F7-4668-BE54-9A1E7A4F7556}") = "Cfg.Net.Environment", "src\Customizers\Environment\Cfg.Net.Environment\Cfg.Net.Environment.csproj", "{EC2F5376-3078-412C-9EF6-3F4167B08F2B}"
EndProject
Project("{2150E333-8FDC-42A3-9474-1A3956D46DE8}") = "Shorthand", "Shorthand", "{D2687546-4D86-4E58-90CA-C606EE9F4E16}"
EndProject
Project("{9A19103F-16F7-4668-BE54-9A1E7A4F7556}") = "Cfg.Net.Shorthand", "src\Customizers\Shorthand\Cfg.Net.Shorthand\Cfg.Net.Shorthand.csproj", "{43FA3F95-0516-4D66-938E-266C0F961C79}"
EndProject
Project("{2150E333-8FDC-42A3-9474-1A3956D46DE8}") = "Testing", "Testing", "{22D31767-F452-4B97-891A-2B5FDBBC0513}"
EndProject
Project("{9A19103F-16F7-4668-BE54-9A1E7A4F7556}") = "TestNetCore", "Testing\TestNetCore\TestNetCore.csproj", "{F2A6877B-7452-432A-8E6C-0B809FCCE860}"
EndProject
Global
	GlobalSection(SolutionConfigurationPlatforms) = preSolution
		Debug|Any CPU = Debug|Any CPU
		Release|Any CPU = Release|Any CPU
	EndGlobalSection
	GlobalSection(ProjectConfigurationPlatforms) = postSolution
		{50BEB203-FEA0-47FD-9BC1-4B2ECCC91377}.Debug|Any CPU.ActiveCfg = Debug|Any CPU
		{50BEB203-FEA0-47FD-9BC1-4B2ECCC91377}.Debug|Any CPU.Build.0 = Debug|Any CPU
		{50BEB203-FEA0-47FD-9BC1-4B2ECCC91377}.Release|Any CPU.ActiveCfg = Release|Any CPU
		{50BEB203-FEA0-47FD-9BC1-4B2ECCC91377}.Release|Any CPU.Build.0 = Release|Any CPU
		{44C47FC7-E690-4FCE-839A-95CA28CE51B6}.Debug|Any CPU.ActiveCfg = Debug|Any CPU
		{44C47FC7-E690-4FCE-839A-95CA28CE51B6}.Debug|Any CPU.Build.0 = Debug|Any CPU
		{44C47FC7-E690-4FCE-839A-95CA28CE51B6}.Release|Any CPU.ActiveCfg = Release|Any CPU
		{44C47FC7-E690-4FCE-839A-95CA28CE51B6}.Release|Any CPU.Build.0 = Release|Any CPU
		{C9FD840A-D479-41AF-A271-5023AF4A03ED}.Debug|Any CPU.ActiveCfg = Debug|Any CPU
		{C9FD840A-D479-41AF-A271-5023AF4A03ED}.Debug|Any CPU.Build.0 = Debug|Any CPU
		{C9FD840A-D479-41AF-A271-5023AF4A03ED}.Release|Any CPU.ActiveCfg = Release|Any CPU
		{C9FD840A-D479-41AF-A271-5023AF4A03ED}.Release|Any CPU.Build.0 = Release|Any CPU
		{A55DD800-321B-44C2-A26E-D1CE375FB325}.Debug|Any CPU.ActiveCfg = Debug|Any CPU
		{A55DD800-321B-44C2-A26E-D1CE375FB325}.Debug|Any CPU.Build.0 = Debug|Any CPU
		{A55DD800-321B-44C2-A26E-D1CE375FB325}.Release|Any CPU.ActiveCfg = Release|Any CPU
		{A55DD800-321B-44C2-A26E-D1CE375FB325}.Release|Any CPU.Build.0 = Release|Any CPU
		{BD56CDCE-25A2-4E82-BB5E-F9AB25F2E6E8}.Debug|Any CPU.ActiveCfg = Debug|Any CPU
		{BD56CDCE-25A2-4E82-BB5E-F9AB25F2E6E8}.Debug|Any CPU.Build.0 = Debug|Any CPU
		{BD56CDCE-25A2-4E82-BB5E-F9AB25F2E6E8}.Release|Any CPU.ActiveCfg = Release|Any CPU
		{BD56CDCE-25A2-4E82-BB5E-F9AB25F2E6E8}.Release|Any CPU.Build.0 = Release|Any CPU
		{A9BBFC2F-29D2-4003-AFE2-B7346F8F3DA5}.Debug|Any CPU.ActiveCfg = Debug|Any CPU
		{A9BBFC2F-29D2-4003-AFE2-B7346F8F3DA5}.Debug|Any CPU.Build.0 = Debug|Any CPU
		{A9BBFC2F-29D2-4003-AFE2-B7346F8F3DA5}.Release|Any CPU.ActiveCfg = Release|Any CPU
		{A9BBFC2F-29D2-4003-AFE2-B7346F8F3DA5}.Release|Any CPU.Build.0 = Release|Any CPU
		{EC2F5376-3078-412C-9EF6-3F4167B08F2B}.Debug|Any CPU.ActiveCfg = Debug|Any CPU
		{EC2F5376-3078-412C-9EF6-3F4167B08F2B}.Debug|Any CPU.Build.0 = Debug|Any CPU
		{EC2F5376-3078-412C-9EF6-3F4167B08F2B}.Release|Any CPU.ActiveCfg = Release|Any CPU
		{EC2F5376-3078-412C-9EF6-3F4167B08F2B}.Release|Any CPU.Build.0 = Release|Any CPU
		{43FA3F95-0516-4D66-938E-266C0F961C79}.Debug|Any CPU.ActiveCfg = Debug|Any CPU
		{43FA3F95-0516-4D66-938E-266C0F961C79}.Debug|Any CPU.Build.0 = Debug|Any CPU
		{43FA3F95-0516-4D66-938E-266C0F961C79}.Release|Any CPU.ActiveCfg = Release|Any CPU
		{43FA3F95-0516-4D66-938E-266C0F961C79}.Release|Any CPU.Build.0 = Release|Any CPU
		{F2A6877B-7452-432A-8E6C-0B809FCCE860}.Debug|Any CPU.ActiveCfg = Debug|Any CPU
		{F2A6877B-7452-432A-8E6C-0B809FCCE860}.Debug|Any CPU.Build.0 = Debug|Any CPU
		{F2A6877B-7452-432A-8E6C-0B809FCCE860}.Release|Any CPU.ActiveCfg = Release|Any CPU
		{F2A6877B-7452-432A-8E6C-0B809FCCE860}.Release|Any CPU.Build.0 = Release|Any CPU
	EndGlobalSection
	GlobalSection(SolutionProperties) = preSolution
		HideSolutionNode = FALSE
	EndGlobalSection
	GlobalSection(NestedProjects) = preSolution
		{50BEB203-FEA0-47FD-9BC1-4B2ECCC91377} = {856D08A7-0AE3-42C1-A811-75B59C0045BE}
		{059A19FD-88D2-4BF4-B0E2-19192C954EA4} = {C3F93254-98AD-40BD-89C4-AFF840BF2C37}
		{44C47FC7-E690-4FCE-839A-95CA28CE51B6} = {059A19FD-88D2-4BF4-B0E2-19192C954EA4}
		{E0C19E77-50A6-4FC9-96F2-B6FBA588A9B3} = {C3F93254-98AD-40BD-89C4-AFF840BF2C37}
		{C9FD840A-D479-41AF-A271-5023AF4A03ED} = {E0C19E77-50A6-4FC9-96F2-B6FBA588A9B3}
		{A55DD800-321B-44C2-A26E-D1CE375FB325} = {BDE74344-ADEE-424F-AF06-BB37D2D493B5}
		{BD56CDCE-25A2-4E82-BB5E-F9AB25F2E6E8} = {BDE74344-ADEE-424F-AF06-BB37D2D493B5}
		{A9BBFC2F-29D2-4003-AFE2-B7346F8F3DA5} = {BDE74344-ADEE-424F-AF06-BB37D2D493B5}
		{B902824A-989D-44A3-A93E-FFBD8C531154} = {D7A50A64-07B3-4325-B814-294CE6390293}
		{EC2F5376-3078-412C-9EF6-3F4167B08F2B} = {B902824A-989D-44A3-A93E-FFBD8C531154}
		{D2687546-4D86-4E58-90CA-C606EE9F4E16} = {D7A50A64-07B3-4325-B814-294CE6390293}
		{43FA3F95-0516-4D66-938E-266C0F961C79} = {D2687546-4D86-4E58-90CA-C606EE9F4E16}
		{F2A6877B-7452-432A-8E6C-0B809FCCE860} = {22D31767-F452-4B97-891A-2B5FDBBC0513}
	EndGlobalSection
	GlobalSection(ExtensibilityGlobals) = postSolution
		SolutionGuid = {35C52E1A-B015-433B-9A31-19B0FE0E2038}
	EndGlobalSection
EndGlobal
