
Microsoft Visual Studio Solution File, Format Version 12.00
# Visual Studio 2013
VisualStudioVersion = 12.0.31101.0
MinimumVisualStudioVersion = 10.0.40219.1
Project("{FAE04EC0-301F-11D3-BF4B-00C04F79EFBC}") = "Cfg", "Cfg\Cfg.csproj", "{D146A874-CBF7-4EB3-972D-57201D62E8E3}"
EndProject
Project("{FAE04EC0-301F-11D3-BF4B-00C04F79EFBC}") = "Cfg.Test", "Cfg.Test\Cfg.Test.csproj", "{65A5B885-7F66-4438-9D25-DD4D2E2B48EA}"
EndProject
Project("{2150E333-8FDC-42A3-9474-1A3956D46DE8}") = "Solution Items", "Solution Items", "{937D9058-D53A-4341-B076-284442EADE2D}"
	ProjectSection(SolutionItems) = preProject
		README.md = README.md
		WE-Markdown.css = WE-Markdown.css
	EndProjectSection
EndProject
Global
	GlobalSection(SolutionConfigurationPlatforms) = preSolution
		Debug|Any CPU = Debug|Any CPU
		Release|Any CPU = Release|Any CPU
	EndGlobalSection
	GlobalSection(ProjectConfigurationPlatforms) = postSolution
		{D146A874-CBF7-4EB3-972D-57201D62E8E3}.Debug|Any CPU.ActiveCfg = Debug|Any CPU
		{D146A874-CBF7-4EB3-972D-57201D62E8E3}.Debug|Any CPU.Build.0 = Debug|Any CPU
		{D146A874-CBF7-4EB3-972D-57201D62E8E3}.Release|Any CPU.ActiveCfg = Release|Any CPU
		{D146A874-CBF7-4EB3-972D-57201D62E8E3}.Release|Any CPU.Build.0 = Release|Any CPU
		{65A5B885-7F66-4438-9D25-DD4D2E2B48EA}.Debug|Any CPU.ActiveCfg = Debug|Any CPU
		{65A5B885-7F66-4438-9D25-DD4D2E2B48EA}.Debug|Any CPU.Build.0 = Debug|Any CPU
		{65A5B885-7F66-4438-9D25-DD4D2E2B48EA}.Release|Any CPU.ActiveCfg = Release|Any CPU
		{65A5B885-7F66-4438-9D25-DD4D2E2B48EA}.Release|Any CPU.Build.0 = Release|Any CPU
	EndGlobalSection
	GlobalSection(SolutionProperties) = preSolution
		HideSolutionNode = FALSE
	EndGlobalSection
EndGlobal
